// !$*UTF8*$!
{
	archiveVersion = 1;
	classes = {
	};
	objectVersion = 46;
	objects = {

/* Begin PBXBuildFile section */
		A651B2861D7EBC75008B623C /* main.m in Sources */ = {isa = PBXBuildFile; fileRef = A651B2851D7EBC75008B623C /* main.m */; };
		A651B2891D7EBC75008B623C /* AppDelegate.m in Sources */ = {isa = PBXBuildFile; fileRef = A651B2881D7EBC75008B623C /* AppDelegate.m */; };
		A651B28C1D7EBC75008B623C /* ViewController.m in Sources */ = {isa = PBXBuildFile; fileRef = A651B28B1D7EBC75008B623C /* ViewController.m */; };
		A651B28F1D7EBC75008B623C /* Main.storyboard in Resources */ = {isa = PBXBuildFile; fileRef = A651B28D1D7EBC75008B623C /* Main.storyboard */; };
		A651B2911D7EBC75008B623C /* Assets.xcassets in Resources */ = {isa = PBXBuildFile; fileRef = A651B2901D7EBC75008B623C /* Assets.xcassets */; };
		A651B2941D7EBC75008B623C /* LaunchScreen.storyboard in Resources */ = {isa = PBXBuildFile; fileRef = A651B2921D7EBC75008B623C /* LaunchScreen.storyboard */; };
		A651B29F1D7EBC75008B623C /* Signup_DemoTests.m in Sources */ = {isa = PBXBuildFile; fileRef = A651B29E1D7EBC75008B623C /* Signup_DemoTests.m */; };
		A651B2AA1D7EBC75008B623C /* Signup_DemoUITests.m in Sources */ = {isa = PBXBuildFile; fileRef = A651B2A91D7EBC75008B623C /* Signup_DemoUITests.m */; };
/* End PBXBuildFile section */

/* Begin PBXContainerItemProxy section */
		A651B29B1D7EBC75008B623C /* PBXContainerItemProxy */ = {
			isa = PBXContainerItemProxy;
			containerPortal = A651B2791D7EBC74008B623C /* Project object */;
			proxyType = 1;
			remoteGlobalIDString = A651B2801D7EBC74008B623C;
			remoteInfo = Signup_Demo;
		};
		A651B2A61D7EBC75008B623C /* PBXContainerItemProxy */ = {
			isa = PBXContainerItemProxy;
			containerPortal = A651B2791D7EBC74008B623C /* Project object */;
			proxyType = 1;
			remoteGlobalIDString = A651B2801D7EBC74008B623C;
			remoteInfo = Signup_Demo;
		};
/* End PBXContainerItemProxy section */

/* Begin PBXFileReference section */
		A651B2811D7EBC74008B623C /* Signup_Demo.app */ = {isa = PBXFileReference; explicitFileType = wrapper.application; includeInIndex = 0; path = Signup_Demo.app; sourceTree = BUILT_PRODUCTS_DIR; };
		A651B2851D7EBC75008B623C /* main.m */ = {isa = PBXFileReference; lastKnownFileType = sourcecode.c.objc; path = main.m; sourceTree = "<group>"; };
		A651B2871D7EBC75008B623C /* AppDelegate.h */ = {isa = PBXFileReference; lastKnownFileType = sourcecode.c.h; path = AppDelegate.h; sourceTree = "<group>"; };
		A651B2881D7EBC75008B623C /* AppDelegate.m */ = {isa = PBXFileReference; lastKnownFileType = sourcecode.c.objc; path = AppDelegate.m; sourceTree = "<group>"; };
		A651B28A1D7EBC75008B623C /* ViewController.h */ = {isa = PBXFileReference; lastKnownFileType = sourcecode.c.h; path = ViewController.h; sourceTree = "<group>"; };
		A651B28B1D7EBC75008B623C /* ViewController.m */ = {isa = PBXFileReference; lastKnownFileType = sourcecode.c.objc; path = ViewController.m; sourceTree = "<group>"; };
		A651B28E1D7EBC75008B623C /* Base */ = {isa = PBXFileReference; lastKnownFileType = file.storyboard; name = Base; path = Base.lproj/Main.storyboard; sourceTree = "<group>"; };
		A651B2901D7EBC75008B623C /* Assets.xcassets */ = {isa = PBXFileReference; lastKnownFileType = folder.assetcatalog; path = Assets.xcassets; sourceTree = "<group>"; };
		A651B2931D7EBC75008B623C /* Base */ = {isa = PBXFileReference; lastKnownFileType = file.storyboard; name = Base; path = Base.lproj/LaunchScreen.storyboard; sourceTree = "<group>"; };
		A651B2951D7EBC75008B623C /* Info.plist */ = {isa = PBXFileReference; lastKnownFileType = text.plist.xml; path = Info.plist; sourceTree = "<group>"; };
		A651B29A1D7EBC75008B623C /* Signup_DemoTests.xctest */ = {isa = PBXFileReference; explicitFileType = wrapper.cfbundle; includeInIndex = 0; path = Signup_DemoTests.xctest; sourceTree = BUILT_PRODUCTS_DIR; };
		A651B29E1D7EBC75008B623C /* Signup_DemoTests.m */ = {isa = PBXFileReference; lastKnownFileType = sourcecode.c.objc; path = Signup_DemoTests.m; sourceTree = "<group>"; };
		A651B2A01D7EBC75008B623C /* Info.plist */ = {isa = PBXFileReference; lastKnownFileType = text.plist.xml; path = Info.plist; sourceTree = "<group>"; };
		A651B2A51D7EBC75008B623C /* Signup_DemoUITests.xctest */ = {isa = PBXFileReference; explicitFileType = wrapper.cfbundle; includeInIndex = 0; path = Signup_DemoUITests.xctest; sourceTree = BUILT_PRODUCTS_DIR; };
		A651B2A91D7EBC75008B623C /* Signup_DemoUITests.m */ = {isa = PBXFileReference; lastKnownFileType = sourcecode.c.objc; path = Signup_DemoUITests.m; sourceTree = "<group>"; };
		A651B2AB1D7EBC75008B623C /* Info.plist */ = {isa = PBXFileReference; lastKnownFileType = text.plist.xml; path = Info.plist; sourceTree = "<group>"; };
/* End PBXFileReference section */

/* Begin PBXFrameworksBuildPhase section */
		A651B27E1D7EBC74008B623C /* Frameworks */ = {
			isa = PBXFrameworksBuildPhase;
			buildActionMask = 2147483647;
			files = (
			);
			runOnlyForDeploymentPostprocessing = 0;
		};
		A651B2971D7EBC75008B623C /* Frameworks */ = {
			isa = PBXFrameworksBuildPhase;
			buildActionMask = 2147483647;
			files = (
			);
			runOnlyForDeploymentPostprocessing = 0;
		};
		A651B2A21D7EBC75008B623C /* Frameworks */ = {
			isa = PBXFrameworksBuildPhase;
			buildActionMask = 2147483647;
			files = (
			);
			runOnlyForDeploymentPostprocessing = 0;
		};
/* End PBXFrameworksBuildPhase section */

/* Begin PBXGroup section */
		A651B2781D7EBC74008B623C = {
			isa = PBXGroup;
			children = (
				A651B2831D7EBC74008B623C /* Signup_Demo */,
				A651B29D1D7EBC75008B623C /* Signup_DemoTests */,
				A651B2A81D7EBC75008B623C /* Signup_DemoUITests */,
				A651B2821D7EBC74008B623C /* Products */,
			);
			sourceTree = "<group>";
		};
		A651B2821D7EBC74008B623C /* Products */ = {
			isa = PBXGroup;
			children = (
				A651B2811D7EBC74008B623C /* Signup_Demo.app */,
				A651B29A1D7EBC75008B623C /* Signup_DemoTests.xctest */,
				A651B2A51D7EBC75008B623C /* Signup_DemoUITests.xctest */,
			);
			name = Products;
			sourceTree = "<group>";
		};
		A651B2831D7EBC74008B623C /* Signup_Demo */ = {
			isa = PBXGroup;
			children = (
				A651B2871D7EBC75008B623C /* AppDelegate.h */,
				A651B2881D7EBC75008B623C /* AppDelegate.m */,
				A651B28A1D7EBC75008B623C /* ViewController.h */,
				A651B28B1D7EBC75008B623C /* ViewController.m */,
				A651B28D1D7EBC75008B623C /* Main.storyboard */,
				A651B2901D7EBC75008B623C /* Assets.xcassets */,
				A651B2921D7EBC75008B623C /* LaunchScreen.storyboard */,
				A651B2951D7EBC75008B623C /* Info.plist */,
				A651B2841D7EBC75008B623C /* Supporting Files */,
			);
			path = Signup_Demo;
			sourceTree = "<group>";
		};
		A651B2841D7EBC75008B623C /* Supporting Files */ = {
			isa = PBXGroup;
			children = (
				A651B2851D7EBC75008B623C /* main.m */,
			);
			name = "Supporting Files";
			sourceTree = "<group>";
		};
		A651B29D1D7EBC75008B623C /* Signup_DemoTests */ = {
			isa = PBXGroup;
			children = (
				A651B29E1D7EBC75008B623C /* Signup_DemoTests.m */,
				A651B2A01D7EBC75008B623C /* Info.plist */,
			);
			path = Signup_DemoTests;
			sourceTree = "<group>";
		};
		A651B2A81D7EBC75008B623C /* Signup_DemoUITests */ = {
			isa = PBXGroup;
			children = (
				A651B2A91D7EBC75008B623C /* Signup_DemoUITests.m */,
				A651B2AB1D7EBC75008B623C /* Info.plist */,
			);
			path = Signup_DemoUITests;
			sourceTree = "<group>";
		};
/* End PBXGroup section */

/* Begin PBXNativeTarget section */
		A651B2801D7EBC74008B623C /* Signup_Demo */ = {
			isa = PBXNativeTarget;
			buildConfigurationList = A651B2AE1D7EBC75008B623C /* Build configuration list for PBXNativeTarget "Signup_Demo" */;
			buildPhases = (
				A651B27D1D7EBC74008B623C /* Sources */,
				A651B27E1D7EBC74008B623C /* Frameworks */,
				A651B27F1D7EBC74008B623C /* Resources */,
			);
			buildRules = (
			);
			dependencies = (
			);
			name = Signup_Demo;
			productName = Signup_Demo;
			productReference = A651B2811D7EBC74008B623C /* Signup_Demo.app */;
			productType = "com.apple.product-type.application";
		};
		A651B2991D7EBC75008B623C /* Signup_DemoTests */ = {
			isa = PBXNativeTarget;
			buildConfigurationList = A651B2B11D7EBC75008B623C /* Build configuration list for PBXNativeTarget "Signup_DemoTests" */;
			buildPhases = (
				A651B2961D7EBC75008B623C /* Sources */,
				A651B2971D7EBC75008B623C /* Frameworks */,
				A651B2981D7EBC75008B623C /* Resources */,
			);
			buildRules = (
			);
			dependencies = (
				A651B29C1D7EBC75008B623C /* PBXTargetDependency */,
			);
			name = Signup_DemoTests;
			productName = Signup_DemoTests;
			productReference = A651B29A1D7EBC75008B623C /* Signup_DemoTests.xctest */;
			productType = "com.apple.product-type.bundle.unit-test";
		};
		A651B2A41D7EBC75008B623C /* Signup_DemoUITests */ = {
			isa = PBXNativeTarget;
			buildConfigurationList = A651B2B41D7EBC75008B623C /* Build configuration list for PBXNativeTarget "Signup_DemoUITests" */;
			buildPhases = (
				A651B2A11D7EBC75008B623C /* Sources */,
				A651B2A21D7EBC75008B623C /* Frameworks */,
				A651B2A31D7EBC75008B623C /* Resources */,
			);
			buildRules = (
			);
			dependencies = (
				A651B2A71D7EBC75008B623C /* PBXTargetDependency */,
			);
			name = Signup_DemoUITests;
			productName = Signup_DemoUITests;
			productReference = A651B2A51D7EBC75008B623C /* Signup_DemoUITests.xctest */;
			productType = "com.apple.product-type.bundle.ui-testing";
		};
/* End PBXNativeTarget section */

/* Begin PBXProject section */
		A651B2791D7EBC74008B623C /* Project object */ = {
			isa = PBXProject;
			attributes = {
				LastUpgradeCheck = 0730;
				ORGANIZATIONNAME = srinivas;
				TargetAttributes = {
					A651B2801D7EBC74008B623C = {
						CreatedOnToolsVersion = 7.3.1;
					};
					A651B2991D7EBC75008B623C = {
						CreatedOnToolsVersion = 7.3.1;
						TestTargetID = A651B2801D7EBC74008B623C;
					};
					A651B2A41D7EBC75008B623C = {
						CreatedOnToolsVersion = 7.3.1;
						TestTargetID = A651B2801D7EBC74008B623C;
					};
				};
			};
			buildConfigurationList = A651B27C1D7EBC74008B623C /* Build configuration list for PBXProject "Signup_Demo" */;
			compatibilityVersion = "Xcode 3.2";
			developmentRegion = English;
			hasScannedForEncodings = 0;
			knownRegions = (
				en,
				Base,
			);
			mainGroup = A651B2781D7EBC74008B623C;
			productRefGroup = A651B2821D7EBC74008B623C /* Products */;
			projectDirPath = "";
			projectRoot = "";
			targets = (
				A651B2801D7EBC74008B623C /* Signup_Demo */,
				A651B2991D7EBC75008B623C /* Signup_DemoTests */,
				A651B2A41D7EBC75008B623C /* Signup_DemoUITests */,
			);
		};
/* End PBXProject section */

/* Begin PBXResourcesBuildPhase section */
		A651B27F1D7EBC74008B623C /* Resources */ = {
			isa = PBXResourcesBuildPhase;
			buildActionMask = 2147483647;
			files = (
				A651B2941D7EBC75008B623C /* LaunchScreen.storyboard in Resources */,
				A651B2911D7EBC75008B623C /* Assets.xcassets in Resources */,
				A651B28F1D7EBC75008B623C /* Main.storyboard in Resources */,
			);
			runOnlyForDeploymentPostprocessing = 0;
		};
		A651B2981D7EBC75008B623C /* Resources */ = {
			isa = PBXResourcesBuildPhase;
			buildActionMask = 2147483647;
			files = (
			);
			runOnlyForDeploymentPostprocessing = 0;
		};
		A651B2A31D7EBC75008B623C /* Resources */ = {
			isa = PBXResourcesBuildPhase;
			buildActionMask = 2147483647;
			files = (
			);
			runOnlyForDeploymentPostprocessing = 0;
		};
/* End PBXResourcesBuildPhase section */

/* Begin PBXSourcesBuildPhase section */
		A651B27D1D7EBC74008B623C /* Sources */ = {
			isa = PBXSourcesBuildPhase;
			buildActionMask = 2147483647;
			files = (
				A651B28C1D7EBC75008B623C /* ViewController.m in Sources */,
				A651B2891D7EBC75008B623C /* AppDelegate.m in Sources */,
				A651B2861D7EBC75008B623C /* main.m in Sources */,
			);
			runOnlyForDeploymentPostprocessing = 0;
		};
		A651B2961D7EBC75008B623C /* Sources */ = {
			isa = PBXSourcesBuildPhase;
			buildActionMask = 2147483647;
			files = (
				A651B29F1D7EBC75008B623C /* Signup_DemoTests.m in Sources */,
			);
			runOnlyForDeploymentPostprocessing = 0;
		};
		A651B2A11D7EBC75008B623C /* Sources */ = {
			isa = PBXSourcesBuildPhase;
			buildActionMask = 2147483647;
			files = (
				A651B2AA1D7EBC75008B623C /* Signup_DemoUITests.m in Sources */,
			);
			runOnlyForDeploymentPostprocessing = 0;
		};
/* End PBXSourcesBuildPhase section */

/* Begin PBXTargetDependency section */
		A651B29C1D7EBC75008B623C /* PBXTargetDependency */ = {
			isa = PBXTargetDependency;
			target = A651B2801D7EBC74008B623C /* Signup_Demo */;
			targetProxy = A651B29B1D7EBC75008B623C /* PBXContainerItemProxy */;
		};
		A651B2A71D7EBC75008B623C /* PBXTargetDependency */ = {
			isa = PBXTargetDependency;
			target = A651B2801D7EBC74008B623C /* Signup_Demo */;
			targetProxy = A651B2A61D7EBC75008B623C /* PBXContainerItemProxy */;
		};
/* End PBXTargetDependency section */

/* Begin PBXVariantGroup section */
		A651B28D1D7EBC75008B623C /* Main.storyboard */ = {
			isa = PBXVariantGroup;
			children = (
				A651B28E1D7EBC75008B623C /* Base */,
			);
			name = Main.storyboard;
			sourceTree = "<group>";
		};
		A651B2921D7EBC75008B623C /* LaunchScreen.storyboard */ = {
			isa = PBXVariantGroup;
			children = (
				A651B2931D7EBC75008B623C /* Base */,
			);
			name = LaunchScreen.storyboard;
			sourceTree = "<group>";
		};
/* End PBXVariantGroup section */

/* Begin XCBuildConfiguration section */
		A651B2AC1D7EBC75008B623C /* Debug */ = {
			isa = XCBuildConfiguration;
			buildSettings = {
				ALWAYS_SEARCH_USER_PATHS = NO;
				CLANG_ANALYZER_NONNULL = YES;
				CLANG_CXX_LANGUAGE_STANDARD = "gnu++0x";
				CLANG_CXX_LIBRARY = "libc++";
				CLANG_ENABLE_MODULES = YES;
				CLANG_ENABLE_OBJC_ARC = YES;
				CLANG_WARN_BOOL_CONVERSION = YES;
				CLANG_WARN_CONSTANT_CONVERSION = YES;
				CLANG_WARN_DIRECT_OBJC_ISA_USAGE = YES_ERROR;
				CLANG_WARN_EMPTY_BODY = YES;
				CLANG_WARN_ENUM_CONVERSION = YES;
				CLANG_WARN_INT_CONVERSION = YES;
				CLANG_WARN_OBJC_ROOT_CLASS = YES_ERROR;
				CLANG_WARN_UNREACHABLE_CODE = YES;
				CLANG_WARN__DUPLICATE_METHOD_MATCH = YES;
				"CODE_SIGN_IDENTITY[sdk=iphoneos*]" = "iPhone Developer";
				COPY_PHASE_STRIP = NO;
				DEBUG_INFORMATION_FORMAT = dwarf;
				ENABLE_STRICT_OBJC_MSGSEND = YES;
				ENABLE_TESTABILITY = YES;
				GCC_C_LANGUAGE_STANDARD = gnu99;
				GCC_DYNAMIC_NO_PIC = NO;
				GCC_NO_COMMON_BLOCKS = YES;
				GCC_OPTIMIZATION_LEVEL = 0;
				GCC_PREPROCESSOR_DEFINITIONS = (
					"DEBUG=1",
					"$(inherited)",
				);
				GCC_WARN_64_TO_32_BIT_CONVERSION = YES;
				GCC_WARN_ABOUT_RETURN_TYPE = YES_ERROR;
				GCC_WARN_UNDECLARED_SELECTOR = YES;
				GCC_WARN_UNINITIALIZED_AUTOS = YES_AGGRESSIVE;
				GCC_WARN_UNUSED_FUNCTION = YES;
				GCC_WARN_UNUSED_VARIABLE = YES;
				IPHONEOS_DEPLOYMENT_TARGET = 9.3;
				MTL_ENABLE_DEBUG_INFO = YES;
				ONLY_ACTIVE_ARCH = YES;
				SDKROOT = iphoneos;
				TARGETED_DEVICE_FAMILY = "1,2";
			};
			name = Debug;
		};
		A651B2AD1D7EBC75008B623C /* Release */ = {
			isa = XCBuildConfiguration;
			buildSettings = {
				ALWAYS_SEARCH_USER_PATHS = NO;
				CLANG_ANALYZER_NONNULL = YES;
				CLANG_CXX_LANGUAGE_STANDARD = "gnu++0x";
				CLANG_CXX_LIBRARY = "libc++";
				CLANG_ENABLE_MODULES = YES;
				CLANG_ENABLE_OBJC_ARC = YES;
				CLANG_WARN_BOOL_CONVERSION = YES;
				CLANG_WARN_CONSTANT_CONVERSION = YES;
				CLANG_WARN_DIRECT_OBJC_ISA_USAGE = YES_ERROR;
				CLANG_WARN_EMPTY_BODY = YES;
				CLANG_WARN_ENUM_CONVERSION = YES;
				CLANG_WARN_INT_CONVERSION = YES;
				CLANG_WARN_OBJC_ROOT_CLASS = YES_ERROR;
				CLANG_WARN_UNREACHABLE_CODE = YES;
				CLANG_WARN__DUPLICATE_METHOD_MATCH = YES;
				"CODE_SIGN_IDENTITY[sdk=iphoneos*]" = "iPhone Developer";
				COPY_PHASE_STRIP = NO;
				DEBUG_INFORMATION_FORMAT = "dwarf-with-dsym";
				ENABLE_NS_ASSERTIONS = NO;
				ENABLE_STRICT_OBJC_MSGSEND = YES;
				GCC_C_LANGUAGE_STANDARD = gnu99;
				GCC_NO_COMMON_BLOCKS = YES;
				GCC_WARN_64_TO_32_BIT_CONVERSION = YES;
				GCC_WARN_ABOUT_RETURN_TYPE = YES_ERROR;
				GCC_WARN_UNDECLARED_SELECTOR = YES;
				GCC_WARN_UNINITIALIZED_AUTOS = YES_AGGRESSIVE;
				GCC_WARN_UNUSED_FUNCTION = YES;
				GCC_WARN_UNUSED_VARIABLE = YES;
				IPHONEOS_DEPLOYMENT_TARGET = 9.3;
				MTL_ENABLE_DEBUG_INFO = NO;
				SDKROOT = iphoneos;
				TARGETED_DEVICE_FAMILY = "1,2";
				VALIDATE_PRODUCT = YES;
			};
			name = Release;
		};
		A651B2AF1D7EBC75008B623C /* Debug */ = {
			isa = XCBuildConfiguration;
			buildSettings = {
				ASSETCATALOG_COMPILER_APPICON_NAME = AppIcon;
				INFOPLIST_FILE = Signup_Demo/Info.plist;
				LD_RUNPATH_SEARCH_PATHS = "$(inherited) @executable_path/Frameworks";
				PRODUCT_BUNDLE_IDENTIFIER = "Srinivas.com.Signup-Demo";
				PRODUCT_NAME = "$(TARGET_NAME)";
			};
			name = Debug;
		};
		A651B2B01D7EBC75008B623C /* Release */ = {
			isa = XCBuildConfiguration;
			buildSettings = {
				ASSETCATALOG_COMPILER_APPICON_NAME = AppIcon;
				INFOPLIST_FILE = Signup_Demo/Info.plist;
				LD_RUNPATH_SEARCH_PATHS = "$(inherited) @executable_path/Frameworks";
				PRODUCT_BUNDLE_IDENTIFIER = "Srinivas.com.Signup-Demo";
				PRODUCT_NAME = "$(TARGET_NAME)";
			};
			name = Release;
		};
		A651B2B21D7EBC75008B623C /* Debug */ = {
			isa = XCBuildConfiguration;
			buildSettings = {
				BUNDLE_LOADER = "$(TEST_HOST)";
				INFOPLIST_FILE = Signup_DemoTests/Info.plist;
				LD_RUNPATH_SEARCH_PATHS = "$(inherited) @executable_path/Frameworks @loader_path/Frameworks";
				PRODUCT_BUNDLE_IDENTIFIER = "Srinivas.com.Signup-DemoTests";
				PRODUCT_NAME = "$(TARGET_NAME)";
				TEST_HOST = "$(BUILT_PRODUCTS_DIR)/Signup_Demo.app/Signup_Demo";
			};
			name = Debug;
		};
		A651B2B31D7EBC75008B623C /* Release */ = {
			isa = XCBuildConfiguration;
			buildSettings = {
				BUNDLE_LOADER = "$(TEST_HOST)";
				INFOPLIST_FILE = Signup_DemoTests/Info.plist;
				LD_RUNPATH_SEARCH_PATHS = "$(inherited) @executable_path/Frameworks @loader_path/Frameworks";
				PRODUCT_BUNDLE_IDENTIFIER = "Srinivas.com.Signup-DemoTests";
				PRODUCT_NAME = "$(TARGET_NAME)";
				TEST_HOST = "$(BUILT_PRODUCTS_DIR)/Signup_Demo.app/Signup_Demo";
			};
			name = Release;
		};
		A651B2B51D7EBC75008B623C /* Debug */ = {
			isa = XCBuildConfiguration;
			buildSettings = {
				INFOPLIST_FILE = Signup_DemoUITests/Info.plist;
				LD_RUNPATH_SEARCH_PATHS = "$(inherited) @executable_path/Frameworks @loader_path/Frameworks";
				PRODUCT_BUNDLE_IDENTIFIER = "Srinivas.com.Signup-DemoUITests";
				PRODUCT_NAME = "$(TARGET_NAME)";
				TEST_TARGET_NAME = Signup_Demo;
			};
			name = Debug;
		};
		A651B2B61D7EBC75008B623C /* Release */ = {
			isa = XCBuildConfiguration;
			buildSettings = {
				INFOPLIST_FILE = Signup_DemoUITests/Info.plist;
				LD_RUNPATH_SEARCH_PATHS = "$(inherited) @executable_path/Frameworks @loader_path/Frameworks";
				PRODUCT_BUNDLE_IDENTIFIER = "Srinivas.com.Signup-DemoUITests";
				PRODUCT_NAME = "$(TARGET_NAME)";
				TEST_TARGET_NAME = Signup_Demo;
			};
			name = Release;
		};
/* End XCBuildConfiguration section */

/* Begin XCConfigurationList section */
		A651B27C1D7EBC74008B623C /* Build configuration list for PBXProject "Signup_Demo" */ = {
			isa = XCConfigurationList;
			buildConfigurations = (
				A651B2AC1D7EBC75008B623C /* Debug */,
				A651B2AD1D7EBC75008B623C /* Release */,
			);
			defaultConfigurationIsVisible = 0;
			defaultConfigurationName = Release;
		};
		A651B2AE1D7EBC75008B623C /* Build configuration list for PBXNativeTarget "Signup_Demo" */ = {
			isa = XCConfigurationList;
			buildConfigurations = (
				A651B2AF1D7EBC75008B623C /* Debug */,
				A651B2B01D7EBC75008B623C /* Release */,
			);
			defaultConfigurationIsVisible = 0;
		};
		A651B2B11D7EBC75008B623C /* Build configuration list for PBXNativeTarget "Signup_DemoTests" */ = {
			isa = XCConfigurationList;
			buildConfigurations = (
				A651B2B21D7EBC75008B623C /* Debug */,
				A651B2B31D7EBC75008B623C /* Release */,
			);
			defaultConfigurationIsVisible = 0;
		};
		A651B2B41D7EBC75008B623C /* Build configuration list for PBXNativeTarget "Signup_DemoUITests" */ = {
			isa = XCConfigurationList;
			buildConfigurations = (
				A651B2B51D7EBC75008B623C /* Debug */,
				A651B2B61D7EBC75008B623C /* Release */,
			);
			defaultConfigurationIsVisible = 0;
		};
/* End XCConfigurationList section */
	};
	rootObject = A651B2791D7EBC74008B623C /* Project object */;
}
